
Microsoft Visual Studio Solution File, Format Version 12.00
# Visual Studio Version 17
VisualStudioVersion = 17.13.35919.96 d17.13
MinimumVisualStudioVersion = 10.0.40219.1
Project("{FAE04EC0-301F-11D3-BF4B-00C04F79EFBC}") = "USBDeviceMonitor.Win", "USBDeviceMonitor.Win\USBDeviceMonitor.Win.csproj", "{B3537180-D144-46F2-80EA-7DBA1F599DB2}"
EndProject
Project("{FAE04EC0-301F-11D3-BF4B-00C04F79EFBC}") = "USBDevicesCheck", "USBDevicesCheck\USBDevicesCheck.csproj", "{CB1983EF-D3AC-451B-8421-8940C2DC964A}"
EndProject
Global
	GlobalSection(SolutionConfigurationPlatforms) = preSolution
		Debug|Any CPU = Debug|Any CPU
		Release|Any CPU = Release|Any CPU
	EndGlobalSection
	GlobalSection(ProjectConfigurationPlatforms) = postSolution
		{B3537180-D144-46F2-80EA-7DBA1F599DB2}.Debug|Any CPU.ActiveCfg = Debug|Any CPU
		{B3537180-D144-46F2-80EA-7DBA1F599DB2}.Debug|Any CPU.Build.0 = Debug|Any CPU
		{B3537180-D144-46F2-80EA-7DBA1F599DB2}.Release|Any CPU.ActiveCfg = Release|Any CPU
		{B3537180-D144-46F2-80EA-7DBA1F599DB2}.Release|Any CPU.Build.0 = Release|Any CPU
		{CB1983EF-D3AC-451B-8421-8940C2DC964A}.Debug|Any CPU.ActiveCfg = Debug|Any CPU
		{CB1983EF-D3AC-451B-8421-8940C2DC964A}.Debug|Any CPU.Build.0 = Debug|Any CPU
		{CB1983EF-D3AC-451B-8421-8940C2DC964A}.Release|Any CPU.ActiveCfg = Release|Any CPU
		{CB1983EF-D3AC-451B-8421-8940C2DC964A}.Release|Any CPU.Build.0 = Release|Any CPU
	EndGlobalSection
	GlobalSection(SolutionProperties) = preSolution
		HideSolutionNode = FALSE
	EndGlobalSection
	GlobalSection(ExtensibilityGlobals) = postSolution
		SolutionGuid = {C15D51C2-1B16-48BF-9B54-723B3E18B755}
	EndGlobalSection
EndGlobal
